
Microsoft Visual Studio Solution File, Format Version 12.00
# Visual Studio Version 17
VisualStudioVersion = 17.13.35825.156
MinimumVisualStudioVersion = 10.0.40219.1
Project("{FAE04EC0-301F-11D3-BF4B-00C04F79EFBC}") = "TestBB", "TestBB\TestBB.csproj", "{4FB2F548-1777-48C4-BF9D-E3CD33833AD3}"
EndProject
Project("{FAE04EC0-301F-11D3-BF4B-00C04F79EFBC}") = "MakeSales", "PrintReport\MakeSales.csproj", "{2AE11540-D4AD-4FB0-8AB2-78175E5A2969}"
EndProject
Project("{FAE04EC0-301F-11D3-BF4B-00C04F79EFBC}") = "PrintQtrylyReport", "PrintQtrylyReport\PrintQtrylyReport.csproj", "{462FC283-A551-45EF-884A-31D4E51CD37F}"
EndProject
Global
	GlobalSection(SolutionConfigurationPlatforms) = preSolution
		Debug|Any CPU = Debug|Any CPU
		Release|Any CPU = Release|Any CPU
	EndGlobalSection
	GlobalSection(ProjectConfigurationPlatforms) = postSolution
		{4FB2F548-1777-48C4-BF9D-E3CD33833AD3}.Debug|Any CPU.ActiveCfg = Debug|Any CPU
		{4FB2F548-1777-48C4-BF9D-E3CD33833AD3}.Debug|Any CPU.Build.0 = Debug|Any CPU
		{4FB2F548-1777-48C4-BF9D-E3CD33833AD3}.Release|Any CPU.ActiveCfg = Release|Any CPU
		{4FB2F548-1777-48C4-BF9D-E3CD33833AD3}.Release|Any CPU.Build.0 = Release|Any CPU
		{2AE11540-D4AD-4FB0-8AB2-78175E5A2969}.Debug|Any CPU.ActiveCfg = Debug|Any CPU
		{2AE11540-D4AD-4FB0-8AB2-78175E5A2969}.Debug|Any CPU.Build.0 = Debug|Any CPU
		{2AE11540-D4AD-4FB0-8AB2-78175E5A2969}.Release|Any CPU.ActiveCfg = Release|Any CPU
		{2AE11540-D4AD-4FB0-8AB2-78175E5A2969}.Release|Any CPU.Build.0 = Release|Any CPU
		{462FC283-A551-45EF-884A-31D4E51CD37F}.Debug|Any CPU.ActiveCfg = Debug|Any CPU
		{462FC283-A551-45EF-884A-31D4E51CD37F}.Debug|Any CPU.Build.0 = Debug|Any CPU
		{462FC283-A551-45EF-884A-31D4E51CD37F}.Release|Any CPU.ActiveCfg = Release|Any CPU
		{462FC283-A551-45EF-884A-31D4E51CD37F}.Release|Any CPU.Build.0 = Release|Any CPU
	EndGlobalSection
	GlobalSection(SolutionProperties) = preSolution
		HideSolutionNode = FALSE
	EndGlobalSection
	GlobalSection(ExtensibilityGlobals) = postSolution
		SolutionGuid = {C7B64EC7-285E-4FB4-94EF-0C2C8137D518}
	EndGlobalSection
EndGlobal
